
Microsoft Visual Studio Solution File, Format Version 12.00
# Visual Studio Version 17
VisualStudioVersion = 17.13.35806.99 d17.13
MinimumVisualStudioVersion = 10.0.40219.1
Project("{8BC9CEB8-8B4A-11D0-8D11-00A0C91BC942}") = "Home-Work-Num-3", "Home-Work-Num-3\Home-Work-Num-3.vcxproj", "{523DE9E7-FAC9-45D1-814C-4187A039915B}"
EndProject
Global
	GlobalSection(SolutionConfigurationPlatforms) = preSolution
		Debug|x64 = Debug|x64
		Debug|x86 = Debug|x86
		Release|x64 = Release|x64
		Release|x86 = Release|x86
	EndGlobalSection
	GlobalSection(ProjectConfigurationPlatforms) = postSolution
		{523DE9E7-FAC9-45D1-814C-4187A039915B}.Debug|x64.ActiveCfg = Debug|x64
		{523DE9E7-FAC9-45D1-814C-4187A039915B}.Debug|x64.Build.0 = Debug|x64
		{523DE9E7-FAC9-45D1-814C-4187A039915B}.Debug|x86.ActiveCfg = Debug|Win32
		{523DE9E7-FAC9-45D1-814C-4187A039915B}.Debug|x86.Build.0 = Debug|Win32
		{523DE9E7-FAC9-45D1-814C-4187A039915B}.Release|x64.ActiveCfg = Release|x64
		{523DE9E7-FAC9-45D1-814C-4187A039915B}.Release|x64.Build.0 = Release|x64
		{523DE9E7-FAC9-45D1-814C-4187A039915B}.Release|x86.ActiveCfg = Release|Win32
		{523DE9E7-FAC9-45D1-814C-4187A039915B}.Release|x86.Build.0 = Release|Win32
	EndGlobalSection
	GlobalSection(SolutionProperties) = preSolution
		HideSolutionNode = FALSE
	EndGlobalSection
	GlobalSection(ExtensibilityGlobals) = postSolution
		SolutionGuid = {94B7EC92-D0F3-411C-88C1-A2A50D0F0950}
	EndGlobalSection
EndGlobal
